
Microsoft Visual Studio Solution File, Format Version 12.00
# Visual Studio Version 17
VisualStudioVersion = 17.14.36811.4 d17.14
MinimumVisualStudioVersion = 10.0.40219.1
Project("{FAE04EC0-301F-11D3-BF4B-00C04F79EFBC}") = "StoneApi", "StoneApi.csproj", "{B342131E-D61A-4D67-9CA4-8071BD85CD70}"
EndProject
Global
	GlobalSection(SolutionConfigurationPlatforms) = preSolution
		Debug|Any CPU = Debug|Any CPU
		Release|Any CPU = Release|Any CPU
	EndGlobalSection
	GlobalSection(ProjectConfigurationPlatforms) = postSolution
		{B342131E-D61A-4D67-9CA4-8071BD85CD70}.Debug|Any CPU.ActiveCfg = Debug|Any CPU
		{B342131E-D61A-4D67-9CA4-8071BD85CD70}.Debug|Any CPU.Build.0 = Debug|Any CPU
		{B342131E-D61A-4D67-9CA4-8071BD85CD70}.Release|Any CPU.ActiveCfg = Release|Any CPU
		{B342131E-D61A-4D67-9CA4-8071BD85CD70}.Release|Any CPU.Build.0 = Release|Any CPU
	EndGlobalSection
	GlobalSection(SolutionProperties) = preSolution
		HideSolutionNode = FALSE
	EndGlobalSection
	GlobalSection(ExtensibilityGlobals) = postSolution
		SolutionGuid = {AB22E763-87CA-4442-801E-7F95B8B24F07}
	EndGlobalSection
EndGlobal
